
Microsoft Visual Studio Solution File, Format Version 12.00
# Visual Studio Version 17
VisualStudioVersion = 17.11.35222.181
MinimumVisualStudioVersion = 10.0.40219.1
Project("{9A19103F-16F7-4668-BE54-9A1E7A4F7556}") = "API", "API\API.csproj", "{872DB02C-E65C-40FD-8CD0-C8031050A601}"
EndProject
Project("{9A19103F-16F7-4668-BE54-9A1E7A4F7556}") = "Data", "Data\Data.csproj", "{4FB9EC7A-EBDC-4FF8-ABC8-2C72B80B46A7}"
EndProject
Project("{9A19103F-16F7-4668-BE54-9A1E7A4F7556}") = "Models", "Models\Models.csproj", "{192B3943-0527-45F5-8F40-EFC003EA8B4A}"
EndProject
Project("{FAE04EC0-301F-11D3-BF4B-00C04F79EFBC}") = "Utilities", "Utilities\Utilities.csproj", "{AEB85EBA-6CA6-48E9-BEBE-16F21CEF7CD1}"
EndProject
Project("{FAE04EC0-301F-11D3-BF4B-00C04F79EFBC}") = "BLL", "BLL\BLL.csproj", "{23A6F298-DA7E-40EB-9AE2-1BE276244AE6}"
EndProject
Global
	GlobalSection(SolutionConfigurationPlatforms) = preSolution
		Debug|Any CPU = Debug|Any CPU
		Release|Any CPU = Release|Any CPU
	EndGlobalSection
	GlobalSection(ProjectConfigurationPlatforms) = postSolution
		{872DB02C-E65C-40FD-8CD0-C8031050A601}.Debug|Any CPU.ActiveCfg = Debug|Any CPU
		{872DB02C-E65C-40FD-8CD0-C8031050A601}.Debug|Any CPU.Build.0 = Debug|Any CPU
		{872DB02C-E65C-40FD-8CD0-C8031050A601}.Release|Any CPU.ActiveCfg = Release|Any CPU
		{872DB02C-E65C-40FD-8CD0-C8031050A601}.Release|Any CPU.Build.0 = Release|Any CPU
		{4FB9EC7A-EBDC-4FF8-ABC8-2C72B80B46A7}.Debug|Any CPU.ActiveCfg = Debug|Any CPU
		{4FB9EC7A-EBDC-4FF8-ABC8-2C72B80B46A7}.Debug|Any CPU.Build.0 = Debug|Any CPU
		{4FB9EC7A-EBDC-4FF8-ABC8-2C72B80B46A7}.Release|Any CPU.ActiveCfg = Release|Any CPU
		{4FB9EC7A-EBDC-4FF8-ABC8-2C72B80B46A7}.Release|Any CPU.Build.0 = Release|Any CPU
		{192B3943-0527-45F5-8F40-EFC003EA8B4A}.Debug|Any CPU.ActiveCfg = Debug|Any CPU
		{192B3943-0527-45F5-8F40-EFC003EA8B4A}.Debug|Any CPU.Build.0 = Debug|Any CPU
		{192B3943-0527-45F5-8F40-EFC003EA8B4A}.Release|Any CPU.ActiveCfg = Release|Any CPU
		{192B3943-0527-45F5-8F40-EFC003EA8B4A}.Release|Any CPU.Build.0 = Release|Any CPU
		{AEB85EBA-6CA6-48E9-BEBE-16F21CEF7CD1}.Debug|Any CPU.ActiveCfg = Debug|Any CPU
		{AEB85EBA-6CA6-48E9-BEBE-16F21CEF7CD1}.Debug|Any CPU.Build.0 = Debug|Any CPU
		{AEB85EBA-6CA6-48E9-BEBE-16F21CEF7CD1}.Release|Any CPU.ActiveCfg = Release|Any CPU
		{AEB85EBA-6CA6-48E9-BEBE-16F21CEF7CD1}.Release|Any CPU.Build.0 = Release|Any CPU
		{23A6F298-DA7E-40EB-9AE2-1BE276244AE6}.Debug|Any CPU.ActiveCfg = Debug|Any CPU
		{23A6F298-DA7E-40EB-9AE2-1BE276244AE6}.Debug|Any CPU.Build.0 = Debug|Any CPU
		{23A6F298-DA7E-40EB-9AE2-1BE276244AE6}.Release|Any CPU.ActiveCfg = Release|Any CPU
		{23A6F298-DA7E-40EB-9AE2-1BE276244AE6}.Release|Any CPU.Build.0 = Release|Any CPU
	EndGlobalSection
	GlobalSection(SolutionProperties) = preSolution
		HideSolutionNode = FALSE
	EndGlobalSection
	GlobalSection(ExtensibilityGlobals) = postSolution
		SolutionGuid = {8EF7A690-D4D7-4B6C-AEA6-4908E3FF001A}
	EndGlobalSection
EndGlobal
